
Microsoft Visual Studio Solution File, Format Version 12.00
Project("{2150E333-8FDC-42A3-9474-1A3956D46DE8}") = "src", "src", "{55475021-19C3-4DA7-BA64-9DFD4AEAB5EA}"
EndProject
Project("{2150E333-8FDC-42A3-9474-1A3956D46DE8}") = "Domain", "Domain", "{F2555A69-7F1D-47BE-9928-A023E8356CF1}"
EndProject
Project("{2150E333-8FDC-42A3-9474-1A3956D46DE8}") = "API", "API", "{036D78C6-6D82-4C3A-B500-F0C06FA6B931}"
EndProject
Project("{2150E333-8FDC-42A3-9474-1A3956D46DE8}") = "Application", "Application", "{23144680-6073-4190-B1EA-98E86FB95EC8}"
EndProject
Project("{2150E333-8FDC-42A3-9474-1A3956D46DE8}") = "Repository", "Repository", "{74785A1D-A875-4619-B166-FC45819DD3BB}"
EndProject
Project("{FAE04EC0-301F-11D3-BF4B-00C04F79EFBC}") = "LiveBR.Domain", "src\Domain\LiveBR.Domain\LiveBR.Domain.csproj", "{2EE01FC1-FC2A-4C42-84D0-ECE9D794083C}"
EndProject
Project("{FAE04EC0-301F-11D3-BF4B-00C04F79EFBC}") = "LiveBR.Repository", "src\Repository\LiveBR.Repository\LiveBR.Repository.csproj", "{CCF80828-2439-4BBE-BD4D-3FC7E820BACF}"
EndProject
Project("{2150E333-8FDC-42A3-9474-1A3956D46DE8}") = "CrossCutting", "CrossCutting", "{82CEB440-0CA8-4E7E-ACE1-77AAD9A3878D}"
EndProject
Project("{FAE04EC0-301F-11D3-BF4B-00C04F79EFBC}") = "LiveBR.CrossCutting", "src\LiveBR.CrossCutting\LiveBR.CrossCutting.csproj", "{CF006E8F-0010-4778-88E8-8B0E6136E880}"
EndProject
Project("{FAE04EC0-301F-11D3-BF4B-00C04F79EFBC}") = "LiveBR.Application", "src\Application\LiveBR.Application\LiveBR.Application.csproj", "{9A2D16FC-257B-4718-BDB8-E9869F66C53C}"
EndProject
Project("{FAE04EC0-301F-11D3-BF4B-00C04F79EFBC}") = "LiveBR.API", "src\API\LiveBR.API\LiveBR.API.csproj", "{54B0EF6A-2A4D-42DE-802C-2BEC1480ED04}"
EndProject
Global
	GlobalSection(SolutionConfigurationPlatforms) = preSolution
		Debug|Any CPU = Debug|Any CPU
		Release|Any CPU = Release|Any CPU
	EndGlobalSection
	GlobalSection(NestedProjects) = preSolution
		{F2555A69-7F1D-47BE-9928-A023E8356CF1} = {55475021-19C3-4DA7-BA64-9DFD4AEAB5EA}
		{036D78C6-6D82-4C3A-B500-F0C06FA6B931} = {55475021-19C3-4DA7-BA64-9DFD4AEAB5EA}
		{23144680-6073-4190-B1EA-98E86FB95EC8} = {55475021-19C3-4DA7-BA64-9DFD4AEAB5EA}
		{74785A1D-A875-4619-B166-FC45819DD3BB} = {55475021-19C3-4DA7-BA64-9DFD4AEAB5EA}
		{2EE01FC1-FC2A-4C42-84D0-ECE9D794083C} = {F2555A69-7F1D-47BE-9928-A023E8356CF1}
		{CCF80828-2439-4BBE-BD4D-3FC7E820BACF} = {74785A1D-A875-4619-B166-FC45819DD3BB}
		{82CEB440-0CA8-4E7E-ACE1-77AAD9A3878D} = {55475021-19C3-4DA7-BA64-9DFD4AEAB5EA}
		{CF006E8F-0010-4778-88E8-8B0E6136E880} = {82CEB440-0CA8-4E7E-ACE1-77AAD9A3878D}
		{9A2D16FC-257B-4718-BDB8-E9869F66C53C} = {23144680-6073-4190-B1EA-98E86FB95EC8}
		{54B0EF6A-2A4D-42DE-802C-2BEC1480ED04} = {036D78C6-6D82-4C3A-B500-F0C06FA6B931}
	EndGlobalSection
	GlobalSection(ProjectConfigurationPlatforms) = postSolution
		{2EE01FC1-FC2A-4C42-84D0-ECE9D794083C}.Debug|Any CPU.ActiveCfg = Debug|Any CPU
		{2EE01FC1-FC2A-4C42-84D0-ECE9D794083C}.Debug|Any CPU.Build.0 = Debug|Any CPU
		{2EE01FC1-FC2A-4C42-84D0-ECE9D794083C}.Release|Any CPU.ActiveCfg = Release|Any CPU
		{2EE01FC1-FC2A-4C42-84D0-ECE9D794083C}.Release|Any CPU.Build.0 = Release|Any CPU
		{CCF80828-2439-4BBE-BD4D-3FC7E820BACF}.Debug|Any CPU.ActiveCfg = Debug|Any CPU
		{CCF80828-2439-4BBE-BD4D-3FC7E820BACF}.Debug|Any CPU.Build.0 = Debug|Any CPU
		{CCF80828-2439-4BBE-BD4D-3FC7E820BACF}.Release|Any CPU.ActiveCfg = Release|Any CPU
		{CCF80828-2439-4BBE-BD4D-3FC7E820BACF}.Release|Any CPU.Build.0 = Release|Any CPU
		{CF006E8F-0010-4778-88E8-8B0E6136E880}.Debug|Any CPU.ActiveCfg = Debug|Any CPU
		{CF006E8F-0010-4778-88E8-8B0E6136E880}.Debug|Any CPU.Build.0 = Debug|Any CPU
		{CF006E8F-0010-4778-88E8-8B0E6136E880}.Release|Any CPU.ActiveCfg = Release|Any CPU
		{CF006E8F-0010-4778-88E8-8B0E6136E880}.Release|Any CPU.Build.0 = Release|Any CPU
		{9A2D16FC-257B-4718-BDB8-E9869F66C53C}.Debug|Any CPU.ActiveCfg = Debug|Any CPU
		{9A2D16FC-257B-4718-BDB8-E9869F66C53C}.Debug|Any CPU.Build.0 = Debug|Any CPU
		{9A2D16FC-257B-4718-BDB8-E9869F66C53C}.Release|Any CPU.ActiveCfg = Release|Any CPU
		{9A2D16FC-257B-4718-BDB8-E9869F66C53C}.Release|Any CPU.Build.0 = Release|Any CPU
		{54B0EF6A-2A4D-42DE-802C-2BEC1480ED04}.Debug|Any CPU.ActiveCfg = Debug|Any CPU
		{54B0EF6A-2A4D-42DE-802C-2BEC1480ED04}.Debug|Any CPU.Build.0 = Debug|Any CPU
		{54B0EF6A-2A4D-42DE-802C-2BEC1480ED04}.Release|Any CPU.ActiveCfg = Release|Any CPU
		{54B0EF6A-2A4D-42DE-802C-2BEC1480ED04}.Release|Any CPU.Build.0 = Release|Any CPU
	EndGlobalSection
EndGlobal
